
Microsoft Visual Studio Solution File, Format Version 12.00
# Visual Studio Version 16
VisualStudioVersion = 16.0.30907.101
MinimumVisualStudioVersion = 10.0.40219.1
Project("{FAE04EC0-301F-11D3-BF4B-00C04F79EFBC}") = "selenium.xunit.framework.package", "selenium.xunit.framework.package.csproj", "{7600B139-8BEE-463C-A096-76D1D2306C01}"
EndProject
Global
	GlobalSection(SolutionConfigurationPlatforms) = preSolution
		Debug|Any CPU = Debug|Any CPU
		Release|Any CPU = Release|Any CPU
	EndGlobalSection
	GlobalSection(ProjectConfigurationPlatforms) = postSolution
		{7600B139-8BEE-463C-A096-76D1D2306C01}.Debug|Any CPU.ActiveCfg = Debug|Any CPU
		{7600B139-8BEE-463C-A096-76D1D2306C01}.Debug|Any CPU.Build.0 = Debug|Any CPU
		{7600B139-8BEE-463C-A096-76D1D2306C01}.Release|Any CPU.ActiveCfg = Release|Any CPU
		{7600B139-8BEE-463C-A096-76D1D2306C01}.Release|Any CPU.Build.0 = Release|Any CPU
	EndGlobalSection
	GlobalSection(SolutionProperties) = preSolution
		HideSolutionNode = FALSE
	EndGlobalSection
	GlobalSection(ExtensibilityGlobals) = postSolution
		SolutionGuid = {21C13A08-ACCB-4D7F-8F06-235E83BCC3CE}
	EndGlobalSection
EndGlobal
